
Microsoft Visual Studio Solution File, Format Version 12.00
# Visual Studio Version 17
VisualStudioVersion = 17.10.34928.147
MinimumVisualStudioVersion = 10.0.40219.1
Project("{FAE04EC0-301F-11D3-BF4B-00C04F79EFBC}") = "TechChallenge.Region.Api", "TechChallenge.Region.Api.csproj", "{B39417EA-5612-4EF7-8877-8303D255F57D}"
EndProject
Project("{FAE04EC0-301F-11D3-BF4B-00C04F79EFBC}") = "TechChallenge.Region.Domain", "..\TechChallenge.Region.Domain\TechChallenge.Region.Domain.csproj", "{F02AC105-7C47-4238-A8BA-51AA1EE4376B}"
EndProject
Project("{FAE04EC0-301F-11D3-BF4B-00C04F79EFBC}") = "TechChallenge.Region.Infrastructure", "..\TechChallenge.Region.Infrastructure\TechChallenge.Region.Infrastructure.csproj", "{8ECF80DC-8AD8-487F-A86F-0BCE38EB0AD8}"
EndProject
Project("{FAE04EC0-301F-11D3-BF4B-00C04F79EFBC}") = "TechChallenge.Region.IoC", "..\TechChallenge.Region.IoC\TechChallenge.Region.IoC.csproj", "{79EE139F-1071-4802-B695-2411DA5FB624}"
EndProject
Project("{FAE04EC0-301F-11D3-BF4B-00C04F79EFBC}") = "TechChallenge.Region.Tests", "..\TechChallenge.Region.Tests\TechChallenge.Region.Tests.csproj", "{F5806A0D-61DE-457C-B754-74C674C4FC44}"
EndProject
Global
	GlobalSection(SolutionConfigurationPlatforms) = preSolution
		Debug|Any CPU = Debug|Any CPU
		Release|Any CPU = Release|Any CPU
	EndGlobalSection
	GlobalSection(ProjectConfigurationPlatforms) = postSolution
		{B39417EA-5612-4EF7-8877-8303D255F57D}.Debug|Any CPU.ActiveCfg = Debug|Any CPU
		{B39417EA-5612-4EF7-8877-8303D255F57D}.Debug|Any CPU.Build.0 = Debug|Any CPU
		{B39417EA-5612-4EF7-8877-8303D255F57D}.Release|Any CPU.ActiveCfg = Release|Any CPU
		{B39417EA-5612-4EF7-8877-8303D255F57D}.Release|Any CPU.Build.0 = Release|Any CPU
		{F02AC105-7C47-4238-A8BA-51AA1EE4376B}.Debug|Any CPU.ActiveCfg = Debug|Any CPU
		{F02AC105-7C47-4238-A8BA-51AA1EE4376B}.Debug|Any CPU.Build.0 = Debug|Any CPU
		{F02AC105-7C47-4238-A8BA-51AA1EE4376B}.Release|Any CPU.ActiveCfg = Release|Any CPU
		{F02AC105-7C47-4238-A8BA-51AA1EE4376B}.Release|Any CPU.Build.0 = Release|Any CPU
		{8ECF80DC-8AD8-487F-A86F-0BCE38EB0AD8}.Debug|Any CPU.ActiveCfg = Debug|Any CPU
		{8ECF80DC-8AD8-487F-A86F-0BCE38EB0AD8}.Debug|Any CPU.Build.0 = Debug|Any CPU
		{8ECF80DC-8AD8-487F-A86F-0BCE38EB0AD8}.Release|Any CPU.ActiveCfg = Release|Any CPU
		{8ECF80DC-8AD8-487F-A86F-0BCE38EB0AD8}.Release|Any CPU.Build.0 = Release|Any CPU
		{79EE139F-1071-4802-B695-2411DA5FB624}.Debug|Any CPU.ActiveCfg = Debug|Any CPU
		{79EE139F-1071-4802-B695-2411DA5FB624}.Debug|Any CPU.Build.0 = Debug|Any CPU
		{79EE139F-1071-4802-B695-2411DA5FB624}.Release|Any CPU.ActiveCfg = Release|Any CPU
		{79EE139F-1071-4802-B695-2411DA5FB624}.Release|Any CPU.Build.0 = Release|Any CPU
		{F5806A0D-61DE-457C-B754-74C674C4FC44}.Debug|Any CPU.ActiveCfg = Debug|Any CPU
		{F5806A0D-61DE-457C-B754-74C674C4FC44}.Debug|Any CPU.Build.0 = Debug|Any CPU
		{F5806A0D-61DE-457C-B754-74C674C4FC44}.Release|Any CPU.ActiveCfg = Release|Any CPU
		{F5806A0D-61DE-457C-B754-74C674C4FC44}.Release|Any CPU.Build.0 = Release|Any CPU
	EndGlobalSection
	GlobalSection(SolutionProperties) = preSolution
		HideSolutionNode = FALSE
	EndGlobalSection
	GlobalSection(ExtensibilityGlobals) = postSolution
		SolutionGuid = {EEFF566A-6622-45DE-8712-256DA268A4E4}
	EndGlobalSection
EndGlobal
